// !$*UTF8*$!
{
	archiveVersion = 1;
	classes = {
	};
	objectVersion = 48;
	objects = {

/* Begin PBXBuildFile section */
		6F365DC9205C2C9700ED1B28 /* AppDelegate.swift in Sources */ = {isa = PBXBuildFile; fileRef = 6F365DC8205C2C9700ED1B28 /* AppDelegate.swift */; };
		6F365DCB205C2C9700ED1B28 /* ViewController.swift in Sources */ = {isa = PBXBuildFile; fileRef = 6F365DCA205C2C9700ED1B28 /* ViewController.swift */; };
		6F365DD1205C2C9700ED1B28 /* CD.xcdatamodeld in Sources */ = {isa = PBXBuildFile; fileRef = 6F365DCF205C2C9700ED1B28 /* CD.xcdatamodeld */; };
		6F365DD3205C2C9700ED1B28 /* Assets.xcassets in Resources */ = {isa = PBXBuildFile; fileRef = 6F365DD2205C2C9700ED1B28 /* Assets.xcassets */; };
		6F365DD6205C2C9700ED1B28 /* LaunchScreen.storyboard in Resources */ = {isa = PBXBuildFile; fileRef = 6F365DD4205C2C9700ED1B28 /* LaunchScreen.storyboard */; };
		6F365DE1205C2C9700ED1B28 /* CDTests.swift in Sources */ = {isa = PBXBuildFile; fileRef = 6F365DE0205C2C9700ED1B28 /* CDTests.swift */; };
		6F365DEC205C2CD100ED1B28 /* Contact.swift in Sources */ = {isa = PBXBuildFile; fileRef = 6F365DEB205C2CD100ED1B28 /* Contact.swift */; };
		6F365DEE205C2CD600ED1B28 /* Message.swift in Sources */ = {isa = PBXBuildFile; fileRef = 6F365DED205C2CD600ED1B28 /* Message.swift */; };
		6F365DF0205C2CDB00ED1B28 /* Conversation.swift in Sources */ = {isa = PBXBuildFile; fileRef = 6F365DEF205C2CDB00ED1B28 /* Conversation.swift */; };
/* End PBXBuildFile section */

/* Begin PBXContainerItemProxy section */
		6F365DDD205C2C9700ED1B28 /* PBXContainerItemProxy */ = {
			isa = PBXContainerItemProxy;
			containerPortal = 6F365DBD205C2C9700ED1B28 /* Project object */;
			proxyType = 1;
			remoteGlobalIDString = 6F365DC4205C2C9700ED1B28;
			remoteInfo = CD;
		};
/* End PBXContainerItemProxy section */

/* Begin PBXFileReference section */
		6F365DC5205C2C9700ED1B28 /* CD.app */ = {isa = PBXFileReference; explicitFileType = wrapper.application; includeInIndex = 0; path = CD.app; sourceTree = BUILT_PRODUCTS_DIR; };
		6F365DC8205C2C9700ED1B28 /* AppDelegate.swift */ = {isa = PBXFileReference; lastKnownFileType = sourcecode.swift; path = AppDelegate.swift; sourceTree = "<group>"; };
		6F365DCA205C2C9700ED1B28 /* ViewController.swift */ = {isa = PBXFileReference; lastKnownFileType = sourcecode.swift; path = ViewController.swift; sourceTree = "<group>"; };
		6F365DD0205C2C9700ED1B28 /* CD.xcdatamodel */ = {isa = PBXFileReference; lastKnownFileType = wrapper.xcdatamodel; path = CD.xcdatamodel; sourceTree = "<group>"; };
		6F365DD2205C2C9700ED1B28 /* Assets.xcassets */ = {isa = PBXFileReference; lastKnownFileType = folder.assetcatalog; path = Assets.xcassets; sourceTree = "<group>"; };
		6F365DD5205C2C9700ED1B28 /* Base */ = {isa = PBXFileReference; lastKnownFileType = file.storyboard; name = Base; path = Base.lproj/LaunchScreen.storyboard; sourceTree = "<group>"; };
		6F365DD7205C2C9700ED1B28 /* Info.plist */ = {isa = PBXFileReference; lastKnownFileType = text.plist.xml; path = Info.plist; sourceTree = "<group>"; };
		6F365DDC205C2C9700ED1B28 /* CDTests.xctest */ = {isa = PBXFileReference; explicitFileType = wrapper.cfbundle; includeInIndex = 0; path = CDTests.xctest; sourceTree = BUILT_PRODUCTS_DIR; };
		6F365DE0205C2C9700ED1B28 /* CDTests.swift */ = {isa = PBXFileReference; lastKnownFileType = sourcecode.swift; path = CDTests.swift; sourceTree = "<group>"; };
		6F365DE2205C2C9700ED1B28 /* Info.plist */ = {isa = PBXFileReference; lastKnownFileType = text.plist.xml; path = Info.plist; sourceTree = "<group>"; };
		6F365DEB205C2CD100ED1B28 /* Contact.swift */ = {isa = PBXFileReference; lastKnownFileType = sourcecode.swift; path = Contact.swift; sourceTree = "<group>"; };
		6F365DED205C2CD600ED1B28 /* Message.swift */ = {isa = PBXFileReference; lastKnownFileType = sourcecode.swift; path = Message.swift; sourceTree = "<group>"; };
		6F365DEF205C2CDB00ED1B28 /* Conversation.swift */ = {isa = PBXFileReference; lastKnownFileType = sourcecode.swift; path = Conversation.swift; sourceTree = "<group>"; };
/* End PBXFileReference section */

/* Begin PBXFrameworksBuildPhase section */
		6F365DC2205C2C9700ED1B28 /* Frameworks */ = {
			isa = PBXFrameworksBuildPhase;
			buildActionMask = 2147483647;
			files = (
			);
			runOnlyForDeploymentPostprocessing = 0;
		};
		6F365DD9205C2C9700ED1B28 /* Frameworks */ = {
			isa = PBXFrameworksBuildPhase;
			buildActionMask = 2147483647;
			files = (
			);
			runOnlyForDeploymentPostprocessing = 0;
		};
/* End PBXFrameworksBuildPhase section */

/* Begin PBXGroup section */
		6F365DBC205C2C9700ED1B28 = {
			isa = PBXGroup;
			children = (
				6F365DC7205C2C9700ED1B28 /* CD */,
				6F365DDF205C2C9700ED1B28 /* CDTests */,
				6F365DC6205C2C9700ED1B28 /* Products */,
			);
			sourceTree = "<group>";
		};
		6F365DC6205C2C9700ED1B28 /* Products */ = {
			isa = PBXGroup;
			children = (
				6F365DC5205C2C9700ED1B28 /* CD.app */,
				6F365DDC205C2C9700ED1B28 /* CDTests.xctest */,
			);
			name = Products;
			sourceTree = "<group>";
		};
		6F365DC7205C2C9700ED1B28 /* CD */ = {
			isa = PBXGroup;
			children = (
				6F365DC8205C2C9700ED1B28 /* AppDelegate.swift */,
				6F365DCA205C2C9700ED1B28 /* ViewController.swift */,
				6F365DF1205C2CDF00ED1B28 /* Contact */,
				6F365DF2205C2CE700ED1B28 /* Message */,
				6F365DF3205C2CEB00ED1B28 /* Conversation */,
				6F365DD2205C2C9700ED1B28 /* Assets.xcassets */,
				6F365DD4205C2C9700ED1B28 /* LaunchScreen.storyboard */,
				6F365DD7205C2C9700ED1B28 /* Info.plist */,
				6F365DCF205C2C9700ED1B28 /* CD.xcdatamodeld */,
			);
			path = CD;
			sourceTree = "<group>";
		};
		6F365DDF205C2C9700ED1B28 /* CDTests */ = {
			isa = PBXGroup;
			children = (
				6F365DE0205C2C9700ED1B28 /* CDTests.swift */,
				6F365DE2205C2C9700ED1B28 /* Info.plist */,
			);
			path = CDTests;
			sourceTree = "<group>";
		};
		6F365DF1205C2CDF00ED1B28 /* Contact */ = {
			isa = PBXGroup;
			children = (
				6F365DEB205C2CD100ED1B28 /* Contact.swift */,
			);
			path = Contact;
			sourceTree = "<group>";
		};
		6F365DF2205C2CE700ED1B28 /* Message */ = {
			isa = PBXGroup;
			children = (
				6F365DED205C2CD600ED1B28 /* Message.swift */,
			);
			path = Message;
			sourceTree = "<group>";
		};
		6F365DF3205C2CEB00ED1B28 /* Conversation */ = {
			isa = PBXGroup;
			children = (
				6F365DEF205C2CDB00ED1B28 /* Conversation.swift */,
			);
			path = Conversation;
			sourceTree = "<group>";
		};
/* End PBXGroup section */

/* Begin PBXNativeTarget section */
		6F365DC4205C2C9700ED1B28 /* CD */ = {
			isa = PBXNativeTarget;
			buildConfigurationList = 6F365DE5205C2C9700ED1B28 /* Build configuration list for PBXNativeTarget "CD" */;
			buildPhases = (
				6F365DC1205C2C9700ED1B28 /* Sources */,
				6F365DC2205C2C9700ED1B28 /* Frameworks */,
				6F365DC3205C2C9700ED1B28 /* Resources */,
			);
			buildRules = (
			);
			dependencies = (
			);
			name = CD;
			productName = CD;
			productReference = 6F365DC5205C2C9700ED1B28 /* CD.app */;
			productType = "com.apple.product-type.application";
		};
		6F365DDB205C2C9700ED1B28 /* CDTests */ = {
			isa = PBXNativeTarget;
			buildConfigurationList = 6F365DE8205C2C9700ED1B28 /* Build configuration list for PBXNativeTarget "CDTests" */;
			buildPhases = (
				6F365DD8205C2C9700ED1B28 /* Sources */,
				6F365DD9205C2C9700ED1B28 /* Frameworks */,
				6F365DDA205C2C9700ED1B28 /* Resources */,
			);
			buildRules = (
			);
			dependencies = (
				6F365DDE205C2C9700ED1B28 /* PBXTargetDependency */,
			);
			name = CDTests;
			productName = CDTests;
			productReference = 6F365DDC205C2C9700ED1B28 /* CDTests.xctest */;
			productType = "com.apple.product-type.bundle.unit-test";
		};
/* End PBXNativeTarget section */

/* Begin PBXProject section */
		6F365DBD205C2C9700ED1B28 /* Project object */ = {
			isa = PBXProject;
			attributes = {
				LastSwiftUpdateCheck = 0920;
				LastUpgradeCheck = 0920;
				ORGANIZATIONNAME = "Clay Ellis";
				TargetAttributes = {
					6F365DC4205C2C9700ED1B28 = {
						CreatedOnToolsVersion = 9.2;
						ProvisioningStyle = Automatic;
					};
					6F365DDB205C2C9700ED1B28 = {
						CreatedOnToolsVersion = 9.2;
						ProvisioningStyle = Automatic;
						TestTargetID = 6F365DC4205C2C9700ED1B28;
					};
				};
			};
			buildConfigurationList = 6F365DC0205C2C9700ED1B28 /* Build configuration list for PBXProject "CD" */;
			compatibilityVersion = "Xcode 8.0";
			developmentRegion = en;
			hasScannedForEncodings = 0;
			knownRegions = (
				en,
				Base,
			);
			mainGroup = 6F365DBC205C2C9700ED1B28;
			productRefGroup = 6F365DC6205C2C9700ED1B28 /* Products */;
			projectDirPath = "";
			projectRoot = "";
			targets = (
				6F365DC4205C2C9700ED1B28 /* CD */,
				6F365DDB205C2C9700ED1B28 /* CDTests */,
			);
		};
/* End PBXProject section */

/* Begin PBXResourcesBuildPhase section */
		6F365DC3205C2C9700ED1B28 /* Resources */ = {
			isa = PBXResourcesBuildPhase;
			buildActionMask = 2147483647;
			files = (
				6F365DD6205C2C9700ED1B28 /* LaunchScreen.storyboard in Resources */,
				6F365DD3205C2C9700ED1B28 /* Assets.xcassets in Resources */,
			);
			runOnlyForDeploymentPostprocessing = 0;
		};
		6F365DDA205C2C9700ED1B28 /* Resources */ = {
			isa = PBXResourcesBuildPhase;
			buildActionMask = 2147483647;
			files = (
			);
			runOnlyForDeploymentPostprocessing = 0;
		};
/* End PBXResourcesBuildPhase section */

/* Begin PBXSourcesBuildPhase section */
		6F365DC1205C2C9700ED1B28 /* Sources */ = {
			isa = PBXSourcesBuildPhase;
			buildActionMask = 2147483647;
			files = (
				6F365DF0205C2CDB00ED1B28 /* Conversation.swift in Sources */,
				6F365DEC205C2CD100ED1B28 /* Contact.swift in Sources */,
				6F365DD1205C2C9700ED1B28 /* CD.xcdatamodeld in Sources */,
				6F365DEE205C2CD600ED1B28 /* Message.swift in Sources */,
				6F365DCB205C2C9700ED1B28 /* ViewController.swift in Sources */,
				6F365DC9205C2C9700ED1B28 /* AppDelegate.swift in Sources */,
			);
			runOnlyForDeploymentPostprocessing = 0;
		};
		6F365DD8205C2C9700ED1B28 /* Sources */ = {
			isa = PBXSourcesBuildPhase;
			buildActionMask = 2147483647;
			files = (
				6F365DE1205C2C9700ED1B28 /* CDTests.swift in Sources */,
			);
			runOnlyForDeploymentPostprocessing = 0;
		};
/* End PBXSourcesBuildPhase section */

/* Begin PBXTargetDependency section */
		6F365DDE205C2C9700ED1B28 /* PBXTargetDependency */ = {
			isa = PBXTargetDependency;
			target = 6F365DC4205C2C9700ED1B28 /* CD */;
			targetProxy = 6F365DDD205C2C9700ED1B28 /* PBXContainerItemProxy */;
		};
/* End PBXTargetDependency section */

/* Begin PBXVariantGroup section */
		6F365DD4205C2C9700ED1B28 /* LaunchScreen.storyboard */ = {
			isa = PBXVariantGroup;
			children = (
				6F365DD5205C2C9700ED1B28 /* Base */,
			);
			name = LaunchScreen.storyboard;
			sourceTree = "<group>";
		};
/* End PBXVariantGroup section */

/* Begin XCBuildConfiguration section */
		6F365DE3205C2C9700ED1B28 /* Debug */ = {
			isa = XCBuildConfiguration;
			buildSettings = {
				ALWAYS_SEARCH_USER_PATHS = NO;
				CLANG_ANALYZER_NONNULL = YES;
				CLANG_ANALYZER_NUMBER_OBJECT_CONVERSION = YES_AGGRESSIVE;
				CLANG_CXX_LANGUAGE_STANDARD = "gnu++14";
				CLANG_CXX_LIBRARY = "libc++";
				CLANG_ENABLE_MODULES = YES;
				CLANG_ENABLE_OBJC_ARC = YES;
				CLANG_WARN_BLOCK_CAPTURE_AUTORELEASING = YES;
				CLANG_WARN_BOOL_CONVERSION = YES;
				CLANG_WARN_COMMA = YES;
				CLANG_WARN_CONSTANT_CONVERSION = YES;
				CLANG_WARN_DIRECT_OBJC_ISA_USAGE = YES_ERROR;
				CLANG_WARN_DOCUMENTATION_COMMENTS = YES;
				CLANG_WARN_EMPTY_BODY = YES;
				CLANG_WARN_ENUM_CONVERSION = YES;
				CLANG_WARN_INFINITE_RECURSION = YES;
				CLANG_WARN_INT_CONVERSION = YES;
				CLANG_WARN_NON_LITERAL_NULL_CONVERSION = YES;
				CLANG_WARN_OBJC_LITERAL_CONVERSION = YES;
				CLANG_WARN_OBJC_ROOT_CLASS = YES_ERROR;
				CLANG_WARN_RANGE_LOOP_ANALYSIS = YES;
				CLANG_WARN_STRICT_PROTOTYPES = YES;
				CLANG_WARN_SUSPICIOUS_MOVE = YES;
				CLANG_WARN_UNGUARDED_AVAILABILITY = YES_AGGRESSIVE;
				CLANG_WARN_UNREACHABLE_CODE = YES;
				CLANG_WARN__DUPLICATE_METHOD_MATCH = YES;
				CODE_SIGN_IDENTITY = "iPhone Developer";
				COPY_PHASE_STRIP = NO;
				DEBUG_INFORMATION_FORMAT = dwarf;
				ENABLE_STRICT_OBJC_MSGSEND = YES;
				ENABLE_TESTABILITY = YES;
				GCC_C_LANGUAGE_STANDARD = gnu11;
				GCC_DYNAMIC_NO_PIC = NO;
				GCC_NO_COMMON_BLOCKS = YES;
				GCC_OPTIMIZATION_LEVEL = 0;
				GCC_PREPROCESSOR_DEFINITIONS = (
					"DEBUG=1",
					"$(inherited)",
				);
				GCC_WARN_64_TO_32_BIT_CONVERSION = YES;
				GCC_WARN_ABOUT_RETURN_TYPE = YES_ERROR;
				GCC_WARN_UNDECLARED_SELECTOR = YES;
				GCC_WARN_UNINITIALIZED_AUTOS = YES_AGGRESSIVE;
				GCC_WARN_UNUSED_FUNCTION = YES;
				GCC_WARN_UNUSED_VARIABLE = YES;
				IPHONEOS_DEPLOYMENT_TARGET = 11.2;
				MTL_ENABLE_DEBUG_INFO = YES;
				ONLY_ACTIVE_ARCH = YES;
				SDKROOT = iphoneos;
				SWIFT_ACTIVE_COMPILATION_CONDITIONS = DEBUG;
				SWIFT_OPTIMIZATION_LEVEL = "-Onone";
			};
			name = Debug;
		};
		6F365DE4205C2C9700ED1B28 /* Release */ = {
			isa = XCBuildConfiguration;
			buildSettings = {
				ALWAYS_SEARCH_USER_PATHS = NO;
				CLANG_ANALYZER_NONNULL = YES;
				CLANG_ANALYZER_NUMBER_OBJECT_CONVERSION = YES_AGGRESSIVE;
				CLANG_CXX_LANGUAGE_STANDARD = "gnu++14";
				CLANG_CXX_LIBRARY = "libc++";
				CLANG_ENABLE_MODULES = YES;
				CLANG_ENABLE_OBJC_ARC = YES;
				CLANG_WARN_BLOCK_CAPTURE_AUTORELEASING = YES;
				CLANG_WARN_BOOL_CONVERSION = YES;
				CLANG_WARN_COMMA = YES;
				CLANG_WARN_CONSTANT_CONVERSION = YES;
				CLANG_WARN_DIRECT_OBJC_ISA_USAGE = YES_ERROR;
				CLANG_WARN_DOCUMENTATION_COMMENTS = YES;
				CLANG_WARN_EMPTY_BODY = YES;
				CLANG_WARN_ENUM_CONVERSION = YES;
				CLANG_WARN_INFINITE_RECURSION = YES;
				CLANG_WARN_INT_CONVERSION = YES;
				CLANG_WARN_NON_LITERAL_NULL_CONVERSION = YES;
				CLANG_WARN_OBJC_LITERAL_CONVERSION = YES;
				CLANG_WARN_OBJC_ROOT_CLASS = YES_ERROR;
				CLANG_WARN_RANGE_LOOP_ANALYSIS = YES;
				CLANG_WARN_STRICT_PROTOTYPES = YES;
				CLANG_WARN_SUSPICIOUS_MOVE = YES;
				CLANG_WARN_UNGUARDED_AVAILABILITY = YES_AGGRESSIVE;
				CLANG_WARN_UNREACHABLE_CODE = YES;
				CLANG_WARN__DUPLICATE_METHOD_MATCH = YES;
				CODE_SIGN_IDENTITY = "iPhone Developer";
				COPY_PHASE_STRIP = NO;
				DEBUG_INFORMATION_FORMAT = "dwarf-with-dsym";
				ENABLE_NS_ASSERTIONS = NO;
				ENABLE_STRICT_OBJC_MSGSEND = YES;
				GCC_C_LANGUAGE_STANDARD = gnu11;
				GCC_NO_COMMON_BLOCKS = YES;
				GCC_WARN_64_TO_32_BIT_CONVERSION = YES;
				GCC_WARN_ABOUT_RETURN_TYPE = YES_ERROR;
				GCC_WARN_UNDECLARED_SELECTOR = YES;
				GCC_WARN_UNINITIALIZED_AUTOS = YES_AGGRESSIVE;
				GCC_WARN_UNUSED_FUNCTION = YES;
				GCC_WARN_UNUSED_VARIABLE = YES;
				IPHONEOS_DEPLOYMENT_TARGET = 11.2;
				MTL_ENABLE_DEBUG_INFO = NO;
				SDKROOT = iphoneos;
				SWIFT_OPTIMIZATION_LEVEL = "-Owholemodule";
				VALIDATE_PRODUCT = YES;
			};
			name = Release;
		};
		6F365DE6205C2C9700ED1B28 /* Debug */ = {
			isa = XCBuildConfiguration;
			buildSettings = {
				ASSETCATALOG_COMPILER_APPICON_NAME = AppIcon;
				CODE_SIGN_STYLE = Automatic;
				DEVELOPMENT_TEAM = 9KP7LFTE8H;
				INFOPLIST_FILE = CD/Info.plist;
				LD_RUNPATH_SEARCH_PATHS = "$(inherited) @executable_path/Frameworks";
				PRODUCT_BUNDLE_IDENTIFIER = com.clayellis.CD;
				PRODUCT_NAME = "$(TARGET_NAME)";
				SWIFT_VERSION = 4.0;
				TARGETED_DEVICE_FAMILY = "1,2";
			};
			name = Debug;
		};
		6F365DE7205C2C9700ED1B28 /* Release */ = {
			isa = XCBuildConfiguration;
			buildSettings = {
				ASSETCATALOG_COMPILER_APPICON_NAME = AppIcon;
				CODE_SIGN_STYLE = Automatic;
				DEVELOPMENT_TEAM = 9KP7LFTE8H;
				INFOPLIST_FILE = CD/Info.plist;
				LD_RUNPATH_SEARCH_PATHS = "$(inherited) @executable_path/Frameworks";
				PRODUCT_BUNDLE_IDENTIFIER = com.clayellis.CD;
				PRODUCT_NAME = "$(TARGET_NAME)";
				SWIFT_VERSION = 4.0;
				TARGETED_DEVICE_FAMILY = "1,2";
			};
			name = Release;
		};
		6F365DE9205C2C9700ED1B28 /* Debug */ = {
			isa = XCBuildConfiguration;
			buildSettings = {
				ALWAYS_EMBED_SWIFT_STANDARD_LIBRARIES = YES;
				BUNDLE_LOADER = "$(TEST_HOST)";
				CODE_SIGN_STYLE = Automatic;
				DEVELOPMENT_TEAM = 9KP7LFTE8H;
				INFOPLIST_FILE = CDTests/Info.plist;
				LD_RUNPATH_SEARCH_PATHS = "$(inherited) @executable_path/Frameworks @loader_path/Frameworks";
				PRODUCT_BUNDLE_IDENTIFIER = com.clayellis.CDTests;
				PRODUCT_NAME = "$(TARGET_NAME)";
				SWIFT_VERSION = 4.0;
				TARGETED_DEVICE_FAMILY = "1,2";
				TEST_HOST = "$(BUILT_PRODUCTS_DIR)/CD.app/CD";
			};
			name = Debug;
		};
		6F365DEA205C2C9700ED1B28 /* Release */ = {
			isa = XCBuildConfiguration;
			buildSettings = {
				ALWAYS_EMBED_SWIFT_STANDARD_LIBRARIES = YES;
				BUNDLE_LOADER = "$(TEST_HOST)";
				CODE_SIGN_STYLE = Automatic;
				DEVELOPMENT_TEAM = 9KP7LFTE8H;
				INFOPLIST_FILE = CDTests/Info.plist;
				LD_RUNPATH_SEARCH_PATHS = "$(inherited) @executable_path/Frameworks @loader_path/Frameworks";
				PRODUCT_BUNDLE_IDENTIFIER = com.clayellis.CDTests;
				PRODUCT_NAME = "$(TARGET_NAME)";
				SWIFT_VERSION = 4.0;
				TARGETED_DEVICE_FAMILY = "1,2";
				TEST_HOST = "$(BUILT_PRODUCTS_DIR)/CD.app/CD";
			};
			name = Release;
		};
/* End XCBuildConfiguration section */

/* Begin XCConfigurationList section */
		6F365DC0205C2C9700ED1B28 /* Build configuration list for PBXProject "CD" */ = {
			isa = XCConfigurationList;
			buildConfigurations = (
				6F365DE3205C2C9700ED1B28 /* Debug */,
				6F365DE4205C2C9700ED1B28 /* Release */,
			);
			defaultConfigurationIsVisible = 0;
			defaultConfigurationName = Release;
		};
		6F365DE5205C2C9700ED1B28 /* Build configuration list for PBXNativeTarget "CD" */ = {
			isa = XCConfigurationList;
			buildConfigurations = (
				6F365DE6205C2C9700ED1B28 /* Debug */,
				6F365DE7205C2C9700ED1B28 /* Release */,
			);
			defaultConfigurationIsVisible = 0;
			defaultConfigurationName = Release;
		};
		6F365DE8205C2C9700ED1B28 /* Build configuration list for PBXNativeTarget "CDTests" */ = {
			isa = XCConfigurationList;
			buildConfigurations = (
				6F365DE9205C2C9700ED1B28 /* Debug */,
				6F365DEA205C2C9700ED1B28 /* Release */,
			);
			defaultConfigurationIsVisible = 0;
			defaultConfigurationName = Release;
		};
/* End XCConfigurationList section */

/* Begin XCVersionGroup section */
		6F365DCF205C2C9700ED1B28 /* CD.xcdatamodeld */ = {
			isa = XCVersionGroup;
			children = (
				6F365DD0205C2C9700ED1B28 /* CD.xcdatamodel */,
			);
			currentVersion = 6F365DD0205C2C9700ED1B28 /* CD.xcdatamodel */;
			path = CD.xcdatamodeld;
			sourceTree = "<group>";
			versionGroupType = wrapper.xcdatamodel;
		};
/* End XCVersionGroup section */
	};
	rootObject = 6F365DBD205C2C9700ED1B28 /* Project object */;
}
